Microsoft Visual Studio Solution File, Format Version 12.00
# Visual Studio Version 17
VisualStudioVersion = 17.5.2.0
MinimumVisualStudioVersion = 10.0.40219.1
Project("{FAE04EC0-301F-11D3-BF4B-00C04F79EFBC}") = "HelloWorldWebApplication", "HelloWorldWebApplication.csproj", "{27C8398E-C762-F52D-C463-F39D1CF0825B}"
EndProject
Global
	GlobalSection(SolutionConfigurationPlatforms) = preSolution
		Debug|Any CPU = Debug|Any CPU
		Release|Any CPU = Release|Any CPU
	EndGlobalSection
	GlobalSection(ProjectConfigurationPlatforms) = postSolution
		{27C8398E-C762-F52D-C463-F39D1CF0825B}.Debug|Any CPU.ActiveCfg = Debug|Any CPU
		{27C8398E-C762-F52D-C463-F39D1CF0825B}.Debug|Any CPU.Build.0 = Debug|Any CPU
		{27C8398E-C762-F52D-C463-F39D1CF0825B}.Release|Any CPU.ActiveCfg = Release|Any CPU
		{27C8398E-C762-F52D-C463-F39D1CF0825B}.Release|Any CPU.Build.0 = Release|Any CPU
	EndGlobalSection
	GlobalSection(SolutionProperties) = preSolution
		HideSolutionNode = FALSE
	EndGlobalSection
	GlobalSection(ExtensibilityGlobals) = postSolution
		SolutionGuid = {0339DD78-4F9B-424E-88C2-D91010177085}
	EndGlobalSection
EndGlobal
